
Microsoft Visual Studio Solution File, Format Version 12.00
# Visual Studio Version 17
VisualStudioVersion = 17.11.35222.181
MinimumVisualStudioVersion = 10.0.40219.1
Project("{FAE04EC0-301F-11D3-BF4B-00C04F79EFBC}") = "EVO.ReposManager.WebApi", "EVO.ReposManager.WebApi\EVO.ReposManager.WebApi.csproj", "{1E55AEA6-F337-42BB-9661-0C5D1A2C5B4F}"
EndProject
Project("{FAE04EC0-301F-11D3-BF4B-00C04F79EFBC}") = "EVO.ReposManager.Domain", "EVO.ReposManager.Domain\EVO.ReposManager.Domain.csproj", "{BC691DDF-ADAC-4D16-BEE2-C3B9CBA72BF6}"
EndProject
Project("{FAE04EC0-301F-11D3-BF4B-00C04F79EFBC}") = "EVO.ReposManager.Infrastructure", "EVO.ReposManager.Infrastructure\EVO.ReposManager.Infrastructure.csproj", "{21E286B2-5D94-406C-BFD4-CCFF959F0487}"
EndProject
Project("{FAE04EC0-301F-11D3-BF4B-00C04F79EFBC}") = "EVO.ReposManager.Application", "EVO.ReposManager.Application\EVO.ReposManager.Application.csproj", "{2701E4E3-43BD-49E9-AF5E-13B522DD4D25}"
EndProject
Global
	GlobalSection(SolutionConfigurationPlatforms) = preSolution
		Debug|Any CPU = Debug|Any CPU
		Release|Any CPU = Release|Any CPU
	EndGlobalSection
	GlobalSection(ProjectConfigurationPlatforms) = postSolution
		{1E55AEA6-F337-42BB-9661-0C5D1A2C5B4F}.Debug|Any CPU.ActiveCfg = Debug|Any CPU
		{1E55AEA6-F337-42BB-9661-0C5D1A2C5B4F}.Debug|Any CPU.Build.0 = Debug|Any CPU
		{1E55AEA6-F337-42BB-9661-0C5D1A2C5B4F}.Release|Any CPU.ActiveCfg = Release|Any CPU
		{1E55AEA6-F337-42BB-9661-0C5D1A2C5B4F}.Release|Any CPU.Build.0 = Release|Any CPU
		{BC691DDF-ADAC-4D16-BEE2-C3B9CBA72BF6}.Debug|Any CPU.ActiveCfg = Debug|Any CPU
		{BC691DDF-ADAC-4D16-BEE2-C3B9CBA72BF6}.Debug|Any CPU.Build.0 = Debug|Any CPU
		{BC691DDF-ADAC-4D16-BEE2-C3B9CBA72BF6}.Release|Any CPU.ActiveCfg = Release|Any CPU
		{BC691DDF-ADAC-4D16-BEE2-C3B9CBA72BF6}.Release|Any CPU.Build.0 = Release|Any CPU
		{21E286B2-5D94-406C-BFD4-CCFF959F0487}.Debug|Any CPU.ActiveCfg = Debug|Any CPU
		{21E286B2-5D94-406C-BFD4-CCFF959F0487}.Debug|Any CPU.Build.0 = Debug|Any CPU
		{21E286B2-5D94-406C-BFD4-CCFF959F0487}.Release|Any CPU.ActiveCfg = Release|Any CPU
		{21E286B2-5D94-406C-BFD4-CCFF959F0487}.Release|Any CPU.Build.0 = Release|Any CPU
		{2701E4E3-43BD-49E9-AF5E-13B522DD4D25}.Debug|Any CPU.ActiveCfg = Debug|Any CPU
		{2701E4E3-43BD-49E9-AF5E-13B522DD4D25}.Debug|Any CPU.Build.0 = Debug|Any CPU
		{2701E4E3-43BD-49E9-AF5E-13B522DD4D25}.Release|Any CPU.ActiveCfg = Release|Any CPU
		{2701E4E3-43BD-49E9-AF5E-13B522DD4D25}.Release|Any CPU.Build.0 = Release|Any CPU
	EndGlobalSection
	GlobalSection(SolutionProperties) = preSolution
		HideSolutionNode = FALSE
	EndGlobalSection
	GlobalSection(ExtensibilityGlobals) = postSolution
		SolutionGuid = {37A13EFF-6059-40D7-9510-1E0D059D9A53}
	EndGlobalSection
EndGlobal
